// !$*UTF8*$!
{
	archiveVersion = 1;
	classes = {
	};
	objectVersion = 56;
	objects = {

/* Begin PBXBuildFile section */
		C21E140B2C47B4A70004462C /* AppDelegate.swift in Sources */ = {isa = PBXBuildFile; fileRef = C21E140A2C47B4A70004462C /* AppDelegate.swift */; };
		C21E140D2C47B4A70004462C /* SceneDelegate.swift in Sources */ = {isa = PBXBuildFile; fileRef = C21E140C2C47B4A70004462C /* SceneDelegate.swift */; };
		C21E140F2C47B4A70004462C /* ViewController.swift in Sources */ = {isa = PBXBuildFile; fileRef = C21E140E2C47B4A70004462C /* ViewController.swift */; };
		C21E14122C47B4A70004462C /* Base in Resources */ = {isa = PBXBuildFile; fileRef = C21E14112C47B4A70004462C /* Base */; };
		C21E14142C47B4A80004462C /* Assets.xcassets in Resources */ = {isa = PBXBuildFile; fileRef = C21E14132C47B4A80004462C /* Assets.xcassets */; };
		C21E14172C47B4A80004462C /* Base in Resources */ = {isa = PBXBuildFile; fileRef = C21E14162C47B4A80004462C /* Base */; };
		C21E14222C47B4A80004462C /* StickyButtonTests.swift in Sources */ = {isa = PBXBuildFile; fileRef = C21E14212C47B4A80004462C /* StickyButtonTests.swift */; };
		C21E142C2C47B4A80004462C /* StickyButtonUITests.swift in Sources */ = {isa = PBXBuildFile; fileRef = C21E142B2C47B4A80004462C /* StickyButtonUITests.swift */; };
		C21E142E2C47B4A80004462C /* StickyButtonUITestsLaunchTests.swift in Sources */ = {isa = PBXBuildFile; fileRef = C21E142D2C47B4A80004462C /* StickyButtonUITestsLaunchTests.swift */; };
		C21E143B2C47B4CC0004462C /* SwiftUIStickyButton.swift in Sources */ = {isa = PBXBuildFile; fileRef = C21E143A2C47B4CC0004462C /* SwiftUIStickyButton.swift */; };
/* End PBXBuildFile section */

/* Begin PBXContainerItemProxy section */
		C21E141E2C47B4A80004462C /* PBXContainerItemProxy */ = {
			isa = PBXContainerItemProxy;
			containerPortal = C21E13FF2C47B4A70004462C /* Project object */;
			proxyType = 1;
			remoteGlobalIDString = C21E14062C47B4A70004462C;
			remoteInfo = StickyButton;
		};
		C21E14282C47B4A80004462C /* PBXContainerItemProxy */ = {
			isa = PBXContainerItemProxy;
			containerPortal = C21E13FF2C47B4A70004462C /* Project object */;
			proxyType = 1;
			remoteGlobalIDString = C21E14062C47B4A70004462C;
			remoteInfo = StickyButton;
		};
/* End PBXContainerItemProxy section */

/* Begin PBXFileReference section */
		C21E14072C47B4A70004462C /* StickyButton.app */ = {isa = PBXFileReference; explicitFileType = wrapper.application; includeInIndex = 0; path = StickyButton.app; sourceTree = BUILT_PRODUCTS_DIR; };
		C21E140A2C47B4A70004462C /* AppDelegate.swift */ = {isa = PBXFileReference; lastKnownFileType = sourcecode.swift; path = AppDelegate.swift; sourceTree = "<group>"; };
		C21E140C2C47B4A70004462C /* SceneDelegate.swift */ = {isa = PBXFileReference; lastKnownFileType = sourcecode.swift; path = SceneDelegate.swift; sourceTree = "<group>"; };
		C21E140E2C47B4A70004462C /* ViewController.swift */ = {isa = PBXFileReference; lastKnownFileType = sourcecode.swift; path = ViewController.swift; sourceTree = "<group>"; };
		C21E14112C47B4A70004462C /* Base */ = {isa = PBXFileReference; lastKnownFileType = file.storyboard; name = Base; path = Base.lproj/Main.storyboard; sourceTree = "<group>"; };
		C21E14132C47B4A80004462C /* Assets.xcassets */ = {isa = PBXFileReference; lastKnownFileType = folder.assetcatalog; path = Assets.xcassets; sourceTree = "<group>"; };
		C21E14162C47B4A80004462C /* Base */ = {isa = PBXFileReference; lastKnownFileType = file.storyboard; name = Base; path = Base.lproj/LaunchScreen.storyboard; sourceTree = "<group>"; };
		C21E14182C47B4A80004462C /* Info.plist */ = {isa = PBXFileReference; lastKnownFileType = text.plist.xml; path = Info.plist; sourceTree = "<group>"; };
		C21E141D2C47B4A80004462C /* StickyButtonTests.xctest */ = {isa = PBXFileReference; explicitFileType = wrapper.cfbundle; includeInIndex = 0; path = StickyButtonTests.xctest; sourceTree = BUILT_PRODUCTS_DIR; };
		C21E14212C47B4A80004462C /* StickyButtonTests.swift */ = {isa = PBXFileReference; lastKnownFileType = sourcecode.swift; path = StickyButtonTests.swift; sourceTree = "<group>"; };
		C21E14272C47B4A80004462C /* StickyButtonUITests.xctest */ = {isa = PBXFileReference; explicitFileType = wrapper.cfbundle; includeInIndex = 0; path = StickyButtonUITests.xctest; sourceTree = BUILT_PRODUCTS_DIR; };
		C21E142B2C47B4A80004462C /* StickyButtonUITests.swift */ = {isa = PBXFileReference; lastKnownFileType = sourcecode.swift; path = StickyButtonUITests.swift; sourceTree = "<group>"; };
		C21E142D2C47B4A80004462C /* StickyButtonUITestsLaunchTests.swift */ = {isa = PBXFileReference; lastKnownFileType = sourcecode.swift; path = StickyButtonUITestsLaunchTests.swift; sourceTree = "<group>"; };
		C21E143A2C47B4CC0004462C /* SwiftUIStickyButton.swift */ = {isa = PBXFileReference; lastKnownFileType = sourcecode.swift; path = SwiftUIStickyButton.swift; sourceTree = "<group>"; };
/* End PBXFileReference section */

/* Begin PBXFrameworksBuildPhase section */
		C21E14042C47B4A70004462C /* Frameworks */ = {
			isa = PBXFrameworksBuildPhase;
			buildActionMask = 2147483647;
			files = (
			);
			runOnlyForDeploymentPostprocessing = 0;
		};
		C21E141A2C47B4A80004462C /* Frameworks */ = {
			isa = PBXFrameworksBuildPhase;
			buildActionMask = 2147483647;
			files = (
			);
			runOnlyForDeploymentPostprocessing = 0;
		};
		C21E14242C47B4A80004462C /* Frameworks */ = {
			isa = PBXFrameworksBuildPhase;
			buildActionMask = 2147483647;
			files = (
			);
			runOnlyForDeploymentPostprocessing = 0;
		};
/* End PBXFrameworksBuildPhase section */

/* Begin PBXGroup section */
		C21E13FE2C47B4A70004462C = {
			isa = PBXGroup;
			children = (
				C21E14092C47B4A70004462C /* StickyButton */,
				C21E14202C47B4A80004462C /* StickyButtonTests */,
				C21E142A2C47B4A80004462C /* StickyButtonUITests */,
				C21E14082C47B4A70004462C /* Products */,
			);
			sourceTree = "<group>";
		};
		C21E14082C47B4A70004462C /* Products */ = {
			isa = PBXGroup;
			children = (
				C21E14072C47B4A70004462C /* StickyButton.app */,
				C21E141D2C47B4A80004462C /* StickyButtonTests.xctest */,
				C21E14272C47B4A80004462C /* StickyButtonUITests.xctest */,
			);
			name = Products;
			sourceTree = "<group>";
		};
		C21E14092C47B4A70004462C /* StickyButton */ = {
			isa = PBXGroup;
			children = (
				C21E140A2C47B4A70004462C /* AppDelegate.swift */,
				C21E140C2C47B4A70004462C /* SceneDelegate.swift */,
				C21E140E2C47B4A70004462C /* ViewController.swift */,
				C21E143A2C47B4CC0004462C /* SwiftUIStickyButton.swift */,
				C21E14102C47B4A70004462C /* Main.storyboard */,
				C21E14132C47B4A80004462C /* Assets.xcassets */,
				C21E14152C47B4A80004462C /* LaunchScreen.storyboard */,
				C21E14182C47B4A80004462C /* Info.plist */,
			);
			path = StickyButton;
			sourceTree = "<group>";
		};
		C21E14202C47B4A80004462C /* StickyButtonTests */ = {
			isa = PBXGroup;
			children = (
				C21E14212C47B4A80004462C /* StickyButtonTests.swift */,
			);
			path = StickyButtonTests;
			sourceTree = "<group>";
		};
		C21E142A2C47B4A80004462C /* StickyButtonUITests */ = {
			isa = PBXGroup;
			children = (
				C21E142B2C47B4A80004462C /* StickyButtonUITests.swift */,
				C21E142D2C47B4A80004462C /* StickyButtonUITestsLaunchTests.swift */,
			);
			path = StickyButtonUITests;
			sourceTree = "<group>";
		};
/* End PBXGroup section */

/* Begin PBXNativeTarget section */
		C21E14062C47B4A70004462C /* StickyButton */ = {
			isa = PBXNativeTarget;
			buildConfigurationList = C21E14312C47B4A80004462C /* Build configuration list for PBXNativeTarget "StickyButton" */;
			buildPhases = (
				C21E14032C47B4A70004462C /* Sources */,
				C21E14042C47B4A70004462C /* Frameworks */,
				C21E14052C47B4A70004462C /* Resources */,
			);
			buildRules = (
			);
			dependencies = (
			);
			name = StickyButton;
			productName = StickyButton;
			productReference = C21E14072C47B4A70004462C /* StickyButton.app */;
			productType = "com.apple.product-type.application";
		};
		C21E141C2C47B4A80004462C /* StickyButtonTests */ = {
			isa = PBXNativeTarget;
			buildConfigurationList = C21E14342C47B4A80004462C /* Build configuration list for PBXNativeTarget "StickyButtonTests" */;
			buildPhases = (
				C21E14192C47B4A80004462C /* Sources */,
				C21E141A2C47B4A80004462C /* Frameworks */,
				C21E141B2C47B4A80004462C /* Resources */,
			);
			buildRules = (
			);
			dependencies = (
				C21E141F2C47B4A80004462C /* PBXTargetDependency */,
			);
			name = StickyButtonTests;
			productName = StickyButtonTests;
			productReference = C21E141D2C47B4A80004462C /* StickyButtonTests.xctest */;
			productType = "com.apple.product-type.bundle.unit-test";
		};
		C21E14262C47B4A80004462C /* StickyButtonUITests */ = {
			isa = PBXNativeTarget;
			buildConfigurationList = C21E14372C47B4A80004462C /* Build configuration list for PBXNativeTarget "StickyButtonUITests" */;
			buildPhases = (
				C21E14232C47B4A80004462C /* Sources */,
				C21E14242C47B4A80004462C /* Frameworks */,
				C21E14252C47B4A80004462C /* Resources */,
			);
			buildRules = (
			);
			dependencies = (
				C21E14292C47B4A80004462C /* PBXTargetDependency */,
			);
			name = StickyButtonUITests;
			productName = StickyButtonUITests;
			productReference = C21E14272C47B4A80004462C /* StickyButtonUITests.xctest */;
			productType = "com.apple.product-type.bundle.ui-testing";
		};
/* End PBXNativeTarget section */

/* Begin PBXProject section */
		C21E13FF2C47B4A70004462C /* Project object */ = {
			isa = PBXProject;
			attributes = {
				BuildIndependentTargetsInParallel = 1;
				LastSwiftUpdateCheck = 1540;
				LastUpgradeCheck = 1540;
				TargetAttributes = {
					C21E14062C47B4A70004462C = {
						CreatedOnToolsVersion = 15.4;
					};
					C21E141C2C47B4A80004462C = {
						CreatedOnToolsVersion = 15.4;
						TestTargetID = C21E14062C47B4A70004462C;
					};
					C21E14262C47B4A80004462C = {
						CreatedOnToolsVersion = 15.4;
						TestTargetID = C21E14062C47B4A70004462C;
					};
				};
			};
			buildConfigurationList = C21E14022C47B4A70004462C /* Build configuration list for PBXProject "StickyButton" */;
			compatibilityVersion = "Xcode 14.0";
			developmentRegion = en;
			hasScannedForEncodings = 0;
			knownRegions = (
				en,
				Base,
			);
			mainGroup = C21E13FE2C47B4A70004462C;
			productRefGroup = C21E14082C47B4A70004462C /* Products */;
			projectDirPath = "";
			projectRoot = "";
			targets = (
				C21E14062C47B4A70004462C /* StickyButton */,
				C21E141C2C47B4A80004462C /* StickyButtonTests */,
				C21E14262C47B4A80004462C /* StickyButtonUITests */,
			);
		};
/* End PBXProject section */

/* Begin PBXResourcesBuildPhase section */
		C21E14052C47B4A70004462C /* Resources */ = {
			isa = PBXResourcesBuildPhase;
			buildActionMask = 2147483647;
			files = (
				C21E14142C47B4A80004462C /* Assets.xcassets in Resources */,
				C21E14172C47B4A80004462C /* Base in Resources */,
				C21E14122C47B4A70004462C /* Base in Resources */,
			);
			runOnlyForDeploymentPostprocessing = 0;
		};
		C21E141B2C47B4A80004462C /* Resources */ = {
			isa = PBXResourcesBuildPhase;
			buildActionMask = 2147483647;
			files = (
			);
			runOnlyForDeploymentPostprocessing = 0;
		};
		C21E14252C47B4A80004462C /* Resources */ = {
			isa = PBXResourcesBuildPhase;
			buildActionMask = 2147483647;
			files = (
			);
			runOnlyForDeploymentPostprocessing = 0;
		};
/* End PBXResourcesBuildPhase section */

/* Begin PBXSourcesBuildPhase section */
		C21E14032C47B4A70004462C /* Sources */ = {
			isa = PBXSourcesBuildPhase;
			buildActionMask = 2147483647;
			files = (
				C21E140F2C47B4A70004462C /* ViewController.swift in Sources */,
				C21E140B2C47B4A70004462C /* AppDelegate.swift in Sources */,
				C21E143B2C47B4CC0004462C /* SwiftUIStickyButton.swift in Sources */,
				C21E140D2C47B4A70004462C /* SceneDelegate.swift in Sources */,
			);
			runOnlyForDeploymentPostprocessing = 0;
		};
		C21E14192C47B4A80004462C /* Sources */ = {
			isa = PBXSourcesBuildPhase;
			buildActionMask = 2147483647;
			files = (
				C21E14222C47B4A80004462C /* StickyButtonTests.swift in Sources */,
			);
			runOnlyForDeploymentPostprocessing = 0;
		};
		C21E14232C47B4A80004462C /* Sources */ = {
			isa = PBXSourcesBuildPhase;
			buildActionMask = 2147483647;
			files = (
				C21E142C2C47B4A80004462C /* StickyButtonUITests.swift in Sources */,
				C21E142E2C47B4A80004462C /* StickyButtonUITestsLaunchTests.swift in Sources */,
			);
			runOnlyForDeploymentPostprocessing = 0;
		};
/* End PBXSourcesBuildPhase section */

/* Begin PBXTargetDependency section */
		C21E141F2C47B4A80004462C /* PBXTargetDependency */ = {
			isa = PBXTargetDependency;
			target = C21E14062C47B4A70004462C /* StickyButton */;
			targetProxy = C21E141E2C47B4A80004462C /* PBXContainerItemProxy */;
		};
		C21E14292C47B4A80004462C /* PBXTargetDependency */ = {
			isa = PBXTargetDependency;
			target = C21E14062C47B4A70004462C /* StickyButton */;
			targetProxy = C21E14282C47B4A80004462C /* PBXContainerItemProxy */;
		};
/* End PBXTargetDependency section */

/* Begin PBXVariantGroup section */
		C21E14102C47B4A70004462C /* Main.storyboard */ = {
			isa = PBXVariantGroup;
			children = (
				C21E14112C47B4A70004462C /* Base */,
			);
			name = Main.storyboard;
			sourceTree = "<group>";
		};
		C21E14152C47B4A80004462C /* LaunchScreen.storyboard */ = {
			isa = PBXVariantGroup;
			children = (
				C21E14162C47B4A80004462C /* Base */,
			);
			name = LaunchScreen.storyboard;
			path = /Users/allwhite/Documents/KeyboardStickyButton/StickyButton/StickyButton;
			sourceTree = "<absolute>";
		};
/* End PBXVariantGroup section */

/* Begin XCBuildConfiguration section */
		C21E142F2C47B4A80004462C /* Debug */ = {
			isa = XCBuildConfiguration;
			buildSettings = {
				ALWAYS_SEARCH_USER_PATHS = NO;
				ASSETCATALOG_COMPILER_GENERATE_SWIFT_ASSET_SYMBOL_EXTENSIONS = YES;
				CLANG_ANALYZER_NONNULL = YES;
				CLANG_ANALYZER_NUMBER_OBJECT_CONVERSION = YES_AGGRESSIVE;
				CLANG_CXX_LANGUAGE_STANDARD = "gnu++20";
				CLANG_ENABLE_MODULES = YES;
				CLANG_ENABLE_OBJC_ARC = YES;
				CLANG_ENABLE_OBJC_WEAK = YES;
				CLANG_WARN_BLOCK_CAPTURE_AUTORELEASING = YES;
				CLANG_WARN_BOOL_CONVERSION = YES;
				CLANG_WARN_COMMA = YES;
				CLANG_WARN_CONSTANT_CONVERSION = YES;
				CLANG_WARN_DEPRECATED_OBJC_IMPLEMENTATIONS = YES;
				CLANG_WARN_DIRECT_OBJC_ISA_USAGE = YES_ERROR;
				CLANG_WARN_DOCUMENTATION_COMMENTS = YES;
				CLANG_WARN_EMPTY_BODY = YES;
				CLANG_WARN_ENUM_CONVERSION = YES;
				CLANG_WARN_INFINITE_RECURSION = YES;
				CLANG_WARN_INT_CONVERSION = YES;
				CLANG_WARN_NON_LITERAL_NULL_CONVERSION = YES;
				CLANG_WARN_OBJC_IMPLICIT_RETAIN_SELF = YES;
				CLANG_WARN_OBJC_LITERAL_CONVERSION = YES;
				CLANG_WARN_OBJC_ROOT_CLASS = YES_ERROR;
				CLANG_WARN_QUOTED_INCLUDE_IN_FRAMEWORK_HEADER = YES;
				CLANG_WARN_RANGE_LOOP_ANALYSIS = YES;
				CLANG_WARN_STRICT_PROTOTYPES = YES;
				CLANG_WARN_SUSPICIOUS_MOVE = YES;
				CLANG_WARN_UNGUARDED_AVAILABILITY = YES_AGGRESSIVE;
				CLANG_WARN_UNREACHABLE_CODE = YES;
				CLANG_WARN__DUPLICATE_METHOD_MATCH = YES;
				COPY_PHASE_STRIP = NO;
				DEBUG_INFORMATION_FORMAT = dwarf;
				ENABLE_STRICT_OBJC_MSGSEND = YES;
				ENABLE_TESTABILITY = YES;
				ENABLE_USER_SCRIPT_SANDBOXING = YES;
				GCC_C_LANGUAGE_STANDARD = gnu17;
				GCC_DYNAMIC_NO_PIC = NO;
				GCC_NO_COMMON_BLOCKS = YES;
				GCC_OPTIMIZATION_LEVEL = 0;
				GCC_PREPROCESSOR_DEFINITIONS = (
					"DEBUG=1",
					"$(inherited)",
				);
				GCC_WARN_64_TO_32_BIT_CONVERSION = YES;
				GCC_WARN_ABOUT_RETURN_TYPE = YES_ERROR;
				GCC_WARN_UNDECLARED_SELECTOR = YES;
				GCC_WARN_UNINITIALIZED_AUTOS = YES_AGGRESSIVE;
				GCC_WARN_UNUSED_FUNCTION = YES;
				GCC_WARN_UNUSED_VARIABLE = YES;
				IPHONEOS_DEPLOYMENT_TARGET = 17.5;
				LOCALIZATION_PREFERS_STRING_CATALOGS = YES;
				MTL_ENABLE_DEBUG_INFO = INCLUDE_SOURCE;
				MTL_FAST_MATH = YES;
				ONLY_ACTIVE_ARCH = YES;
				SDKROOT = iphoneos;
				SWIFT_ACTIVE_COMPILATION_CONDITIONS = "DEBUG $(inherited)";
				SWIFT_OPTIMIZATION_LEVEL = "-Onone";
			};
			name = Debug;
		};
		C21E14302C47B4A80004462C /* Release */ = {
			isa = XCBuildConfiguration;
			buildSettings = {
				ALWAYS_SEARCH_USER_PATHS = NO;
				ASSETCATALOG_COMPILER_GENERATE_SWIFT_ASSET_SYMBOL_EXTENSIONS = YES;
				CLANG_ANALYZER_NONNULL = YES;
				CLANG_ANALYZER_NUMBER_OBJECT_CONVERSION = YES_AGGRESSIVE;
				CLANG_CXX_LANGUAGE_STANDARD = "gnu++20";
				CLANG_ENABLE_MODULES = YES;
				CLANG_ENABLE_OBJC_ARC = YES;
				CLANG_ENABLE_OBJC_WEAK = YES;
				CLANG_WARN_BLOCK_CAPTURE_AUTORELEASING = YES;
				CLANG_WARN_BOOL_CONVERSION = YES;
				CLANG_WARN_COMMA = YES;
				CLANG_WARN_CONSTANT_CONVERSION = YES;
				CLANG_WARN_DEPRECATED_OBJC_IMPLEMENTATIONS = YES;
				CLANG_WARN_DIRECT_OBJC_ISA_USAGE = YES_ERROR;
				CLANG_WARN_DOCUMENTATION_COMMENTS = YES;
				CLANG_WARN_EMPTY_BODY = YES;
				CLANG_WARN_ENUM_CONVERSION = YES;
				CLANG_WARN_INFINITE_RECURSION = YES;
				CLANG_WARN_INT_CONVERSION = YES;
				CLANG_WARN_NON_LITERAL_NULL_CONVERSION = YES;
				CLANG_WARN_OBJC_IMPLICIT_RETAIN_SELF = YES;
				CLANG_WARN_OBJC_LITERAL_CONVERSION = YES;
				CLANG_WARN_OBJC_ROOT_CLASS = YES_ERROR;
				CLANG_WARN_QUOTED_INCLUDE_IN_FRAMEWORK_HEADER = YES;
				CLANG_WARN_RANGE_LOOP_ANALYSIS = YES;
				CLANG_WARN_STRICT_PROTOTYPES = YES;
				CLANG_WARN_SUSPICIOUS_MOVE = YES;
				CLANG_WARN_UNGUARDED_AVAILABILITY = YES_AGGRESSIVE;
				CLANG_WARN_UNREACHABLE_CODE = YES;
				CLANG_WARN__DUPLICATE_METHOD_MATCH = YES;
				COPY_PHASE_STRIP = NO;
				DEBUG_INFORMATION_FORMAT = "dwarf-with-dsym";
				ENABLE_NS_ASSERTIONS = NO;
				ENABLE_STRICT_OBJC_MSGSEND = YES;
				ENABLE_USER_SCRIPT_SANDBOXING = YES;
				GCC_C_LANGUAGE_STANDARD = gnu17;
				GCC_NO_COMMON_BLOCKS = YES;
				GCC_WARN_64_TO_32_BIT_CONVERSION = YES;
				GCC_WARN_ABOUT_RETURN_TYPE = YES_ERROR;
				GCC_WARN_UNDECLARED_SELECTOR = YES;
				GCC_WARN_UNINITIALIZED_AUTOS = YES_AGGRESSIVE;
				GCC_WARN_UNUSED_FUNCTION = YES;
				GCC_WARN_UNUSED_VARIABLE = YES;
				IPHONEOS_DEPLOYMENT_TARGET = 17.5;
				LOCALIZATION_PREFERS_STRING_CATALOGS = YES;
				MTL_ENABLE_DEBUG_INFO = NO;
				MTL_FAST_MATH = YES;
				SDKROOT = iphoneos;
				SWIFT_COMPILATION_MODE = wholemodule;
				VALIDATE_PRODUCT = YES;
			};
			name = Release;
		};
		C21E14322C47B4A80004462C /* Debug */ = {
			isa = XCBuildConfiguration;
			buildSettings = {
				ASSETCATALOG_COMPILER_APPICON_NAME = AppIcon;
				ASSETCATALOG_COMPILER_GLOBAL_ACCENT_COLOR_NAME = AccentColor;
				CODE_SIGN_STYLE = Automatic;
				CURRENT_PROJECT_VERSION = 1;
				DEVELOPMENT_TEAM = A2FVBU2BHD;
				GENERATE_INFOPLIST_FILE = YES;
				INFOPLIST_FILE = StickyButton/Info.plist;
				INFOPLIST_KEY_UIApplicationSupportsIndirectInputEvents = YES;
				INFOPLIST_KEY_UILaunchStoryboardName = LaunchScreen;
				INFOPLIST_KEY_UIMainStoryboardFile = Main;
				INFOPLIST_KEY_UISupportedInterfaceOrientations_iPad = "UIInterfaceOrientationPortrait UIInterfaceOrientationPortraitUpsideDown UIInterfaceOrientationLandscapeLeft UIInterfaceOrientationLandscapeRight";
				INFOPLIST_KEY_UISupportedInterfaceOrientations_iPhone = "UIInterfaceOrientationPortrait UIInterfaceOrientationLandscapeLeft UIInterfaceOrientationLandscapeRight";
				LD_RUNPATH_SEARCH_PATHS = (
					"$(inherited)",
					"@executable_path/Frameworks",
				);
				MARKETING_VERSION = 1.0;
				PRODUCT_BUNDLE_IDENTIFIER = com.allwhite.StickyButton;
				PRODUCT_NAME = "$(TARGET_NAME)";
				SWIFT_EMIT_LOC_STRINGS = YES;
				SWIFT_VERSION = 5.0;
				TARGETED_DEVICE_FAMILY = "1,2";
			};
			name = Debug;
		};
		C21E14332C47B4A80004462C /* Release */ = {
			isa = XCBuildConfiguration;
			buildSettings = {
				ASSETCATALOG_COMPILER_APPICON_NAME = AppIcon;
				ASSETCATALOG_COMPILER_GLOBAL_ACCENT_COLOR_NAME = AccentColor;
				CODE_SIGN_STYLE = Automatic;
				CURRENT_PROJECT_VERSION = 1;
				DEVELOPMENT_TEAM = A2FVBU2BHD;
				GENERATE_INFOPLIST_FILE = YES;
				INFOPLIST_FILE = StickyButton/Info.plist;
				INFOPLIST_KEY_UIApplicationSupportsIndirectInputEvents = YES;
				INFOPLIST_KEY_UILaunchStoryboardName = LaunchScreen;
				INFOPLIST_KEY_UIMainStoryboardFile = Main;
				INFOPLIST_KEY_UISupportedInterfaceOrientations_iPad = "UIInterfaceOrientationPortrait UIInterfaceOrientationPortraitUpsideDown UIInterfaceOrientationLandscapeLeft UIInterfaceOrientationLandscapeRight";
				INFOPLIST_KEY_UISupportedInterfaceOrientations_iPhone = "UIInterfaceOrientationPortrait UIInterfaceOrientationLandscapeLeft UIInterfaceOrientationLandscapeRight";
				LD_RUNPATH_SEARCH_PATHS = (
					"$(inherited)",
					"@executable_path/Frameworks",
				);
				MARKETING_VERSION = 1.0;
				PRODUCT_BUNDLE_IDENTIFIER = com.allwhite.StickyButton;
				PRODUCT_NAME = "$(TARGET_NAME)";
				SWIFT_EMIT_LOC_STRINGS = YES;
				SWIFT_VERSION = 5.0;
				TARGETED_DEVICE_FAMILY = "1,2";
			};
			name = Release;
		};
		C21E14352C47B4A80004462C /* Debug */ = {
			isa = XCBuildConfiguration;
			buildSettings = {
				ALWAYS_EMBED_SWIFT_STANDARD_LIBRARIES = YES;
				BUNDLE_LOADER = "$(TEST_HOST)";
				CODE_SIGN_STYLE = Automatic;
				CURRENT_PROJECT_VERSION = 1;
				DEVELOPMENT_TEAM = A2FVBU2BHD;
				GENERATE_INFOPLIST_FILE = YES;
				IPHONEOS_DEPLOYMENT_TARGET = 17.5;
				MARKETING_VERSION = 1.0;
				PRODUCT_BUNDLE_IDENTIFIER = com.allwhite.StickyButtonTests;
				PRODUCT_NAME = "$(TARGET_NAME)";
				SWIFT_EMIT_LOC_STRINGS = NO;
				SWIFT_VERSION = 5.0;
				TARGETED_DEVICE_FAMILY = "1,2";
				TEST_HOST = "$(BUILT_PRODUCTS_DIR)/StickyButton.app/$(BUNDLE_EXECUTABLE_FOLDER_PATH)/StickyButton";
			};
			name = Debug;
		};
		C21E14362C47B4A80004462C /* Release */ = {
			isa = XCBuildConfiguration;
			buildSettings = {
				ALWAYS_EMBED_SWIFT_STANDARD_LIBRARIES = YES;
				BUNDLE_LOADER = "$(TEST_HOST)";
				CODE_SIGN_STYLE = Automatic;
				CURRENT_PROJECT_VERSION = 1;
				DEVELOPMENT_TEAM = A2FVBU2BHD;
				GENERATE_INFOPLIST_FILE = YES;
				IPHONEOS_DEPLOYMENT_TARGET = 17.5;
				MARKETING_VERSION = 1.0;
				PRODUCT_BUNDLE_IDENTIFIER = com.allwhite.StickyButtonTests;
				PRODUCT_NAME = "$(TARGET_NAME)";
				SWIFT_EMIT_LOC_STRINGS = NO;
				SWIFT_VERSION = 5.0;
				TARGETED_DEVICE_FAMILY = "1,2";
				TEST_HOST = "$(BUILT_PRODUCTS_DIR)/StickyButton.app/$(BUNDLE_EXECUTABLE_FOLDER_PATH)/StickyButton";
			};
			name = Release;
		};
		C21E14382C47B4A80004462C /* Debug */ = {
			isa = XCBuildConfiguration;
			buildSettings = {
				ALWAYS_EMBED_SWIFT_STANDARD_LIBRARIES = YES;
				CODE_SIGN_STYLE = Automatic;
				CURRENT_PROJECT_VERSION = 1;
				DEVELOPMENT_TEAM = A2FVBU2BHD;
				GENERATE_INFOPLIST_FILE = YES;
				MARKETING_VERSION = 1.0;
				PRODUCT_BUNDLE_IDENTIFIER = com.allwhite.StickyButtonUITests;
				PRODUCT_NAME = "$(TARGET_NAME)";
				SWIFT_EMIT_LOC_STRINGS = NO;
				SWIFT_VERSION = 5.0;
				TARGETED_DEVICE_FAMILY = "1,2";
				TEST_TARGET_NAME = StickyButton;
			};
			name = Debug;
		};
		C21E14392C47B4A80004462C /* Release */ = {
			isa = XCBuildConfiguration;
			buildSettings = {
				ALWAYS_EMBED_SWIFT_STANDARD_LIBRARIES = YES;
				CODE_SIGN_STYLE = Automatic;
				CURRENT_PROJECT_VERSION = 1;
				DEVELOPMENT_TEAM = A2FVBU2BHD;
				GENERATE_INFOPLIST_FILE = YES;
				MARKETING_VERSION = 1.0;
				PRODUCT_BUNDLE_IDENTIFIER = com.allwhite.StickyButtonUITests;
				PRODUCT_NAME = "$(TARGET_NAME)";
				SWIFT_EMIT_LOC_STRINGS = NO;
				SWIFT_VERSION = 5.0;
				TARGETED_DEVICE_FAMILY = "1,2";
				TEST_TARGET_NAME = StickyButton;
			};
			name = Release;
		};
/* End XCBuildConfiguration section */

/* Begin XCConfigurationList section */
		C21E14022C47B4A70004462C /* Build configuration list for PBXProject "StickyButton" */ = {
			isa = XCConfigurationList;
			buildConfigurations = (
				C21E142F2C47B4A80004462C /* Debug */,
				C21E14302C47B4A80004462C /* Release */,
			);
			defaultConfigurationIsVisible = 0;
			defaultConfigurationName = Release;
		};
		C21E14312C47B4A80004462C /* Build configuration list for PBXNativeTarget "StickyButton" */ = {
			isa = XCConfigurationList;
			buildConfigurations = (
				C21E14322C47B4A80004462C /* Debug */,
				C21E14332C47B4A80004462C /* Release */,
			);
			defaultConfigurationIsVisible = 0;
			defaultConfigurationName = Release;
		};
		C21E14342C47B4A80004462C /* Build configuration list for PBXNativeTarget "StickyButtonTests" */ = {
			isa = XCConfigurationList;
			buildConfigurations = (
				C21E14352C47B4A80004462C /* Debug */,
				C21E14362C47B4A80004462C /* Release */,
			);
			defaultConfigurationIsVisible = 0;
			defaultConfigurationName = Release;
		};
		C21E14372C47B4A80004462C /* Build configuration list for PBXNativeTarget "StickyButtonUITests" */ = {
			isa = XCConfigurationList;
			buildConfigurations = (
				C21E14382C47B4A80004462C /* Debug */,
				C21E14392C47B4A80004462C /* Release */,
			);
			defaultConfigurationIsVisible = 0;
			defaultConfigurationName = Release;
		};
/* End XCConfigurationList section */
	};
	rootObject = C21E13FF2C47B4A70004462C /* Project object */;
}
